
Microsoft Visual Studio Solution File, Format Version 12.00
# Visual Studio Version 17
VisualStudioVersion = 17.14.36310.24 d17.14
MinimumVisualStudioVersion = 10.0.40219.1
Project("{FAE04EC0-301F-11D3-BF4B-00C04F79EFBC}") = "razormy", "razormy.csproj", "{0B32D2FA-7976-18C0-433B-0CCAFA78CF49}"
EndProject
Global
	GlobalSection(SolutionConfigurationPlatforms) = preSolution
		Debug|Any CPU = Debug|Any CPU
		Release|Any CPU = Release|Any CPU
	EndGlobalSection
	GlobalSection(ProjectConfigurationPlatforms) = postSolution
		{0B32D2FA-7976-18C0-433B-0CCAFA78CF49}.Debug|Any CPU.ActiveCfg = Debug|Any CPU
		{0B32D2FA-7976-18C0-433B-0CCAFA78CF49}.Debug|Any CPU.Build.0 = Debug|Any CPU
		{0B32D2FA-7976-18C0-433B-0CCAFA78CF49}.Release|Any CPU.ActiveCfg = Release|Any CPU
		{0B32D2FA-7976-18C0-433B-0CCAFA78CF49}.Release|Any CPU.Build.0 = Release|Any CPU
	EndGlobalSection
	GlobalSection(SolutionProperties) = preSolution
		HideSolutionNode = FALSE
	EndGlobalSection
	GlobalSection(ExtensibilityGlobals) = postSolution
		SolutionGuid = {4CBD4703-6DE1-4E27-9C13-B81C7192AF4D}
	EndGlobalSection
EndGlobal
